
Microsoft Visual Studio Solution File, Format Version 12.00
# Visual Studio 14
VisualStudioVersion = 14.0.24720.0
MinimumVisualStudioVersion = 10.0.40219.1
Project("{FAE04EC0-301F-11D3-BF4B-00C04F79EFBC}") = "ImageProcessing", "ImageProcessing\ImageProcessing.csproj", "{B44E36C2-CE4B-4F0C-8AD3-2A6C6D9C7B12}"
EndProject
Project("{FAE04EC0-301F-11D3-BF4B-00C04F79EFBC}") = "ImageVideoProcessing", "ImageVideoProcessing\ImageVideoProcessing.csproj", "{E0A3CF15-9F29-445F-AB97-D2E26D21CB7D}"
EndProject
Project("{FAE04EC0-301F-11D3-BF4B-00C04F79EFBC}") = "ImageVideoGrabber", "ImageVideoGrabber\ImageVideoGrabber.csproj", "{F9034876-01CD-4545-A7C8-83E0FD412AE5}"
EndProject
Global
	GlobalSection(SolutionConfigurationPlatforms) = preSolution
		Debug|Any CPU = Debug|Any CPU
		Release|Any CPU = Release|Any CPU
	EndGlobalSection
	GlobalSection(ProjectConfigurationPlatforms) = postSolution
		{B44E36C2-CE4B-4F0C-8AD3-2A6C6D9C7B12}.Debug|Any CPU.ActiveCfg = Debug|Any CPU
		{B44E36C2-CE4B-4F0C-8AD3-2A6C6D9C7B12}.Debug|Any CPU.Build.0 = Debug|Any CPU
		{B44E36C2-CE4B-4F0C-8AD3-2A6C6D9C7B12}.Release|Any CPU.ActiveCfg = Release|Any CPU
		{B44E36C2-CE4B-4F0C-8AD3-2A6C6D9C7B12}.Release|Any CPU.Build.0 = Release|Any CPU
		{E0A3CF15-9F29-445F-AB97-D2E26D21CB7D}.Debug|Any CPU.ActiveCfg = Debug|Any CPU
		{E0A3CF15-9F29-445F-AB97-D2E26D21CB7D}.Debug|Any CPU.Build.0 = Debug|Any CPU
		{E0A3CF15-9F29-445F-AB97-D2E26D21CB7D}.Release|Any CPU.ActiveCfg = Release|Any CPU
		{E0A3CF15-9F29-445F-AB97-D2E26D21CB7D}.Release|Any CPU.Build.0 = Release|Any CPU
		{F9034876-01CD-4545-A7C8-83E0FD412AE5}.Debug|Any CPU.ActiveCfg = Debug|Any CPU
		{F9034876-01CD-4545-A7C8-83E0FD412AE5}.Debug|Any CPU.Build.0 = Debug|Any CPU
		{F9034876-01CD-4545-A7C8-83E0FD412AE5}.Release|Any CPU.ActiveCfg = Release|Any CPU
		{F9034876-01CD-4545-A7C8-83E0FD412AE5}.Release|Any CPU.Build.0 = Release|Any CPU
	EndGlobalSection
	GlobalSection(SolutionProperties) = preSolution
		HideSolutionNode = FALSE
	EndGlobalSection
EndGlobal
